// !$*UTF8*$!
{
	archiveVersion = 1;
	classes = {
	};
	objectVersion = 55;
	objects = {

/* Begin PBXBuildFile section */
		84FE7C13294B9160002F57B4 /* AppDelegate.swift in Sources */ = {isa = PBXBuildFile; fileRef = 84FE7C12294B9160002F57B4 /* AppDelegate.swift */; };
		84FE7C15294B9160002F57B4 /* SceneDelegate.swift in Sources */ = {isa = PBXBuildFile; fileRef = 84FE7C14294B9160002F57B4 /* SceneDelegate.swift */; };
		84FE7C1D294B9160002F57B4 /* FlickrPhotos.xcdatamodeld in Sources */ = {isa = PBXBuildFile; fileRef = 84FE7C1B294B9160002F57B4 /* FlickrPhotos.xcdatamodeld */; };
		84FE7C1F294B9161002F57B4 /* Assets.xcassets in Resources */ = {isa = PBXBuildFile; fileRef = 84FE7C1E294B9161002F57B4 /* Assets.xcassets */; };
		84FE7C22294B9161002F57B4 /* LaunchScreen.storyboard in Resources */ = {isa = PBXBuildFile; fileRef = 84FE7C20294B9161002F57B4 /* LaunchScreen.storyboard */; };
		84FE7C2D294B9161002F57B4 /* FlickrPhotosTests.swift in Sources */ = {isa = PBXBuildFile; fileRef = 84FE7C2C294B9161002F57B4 /* FlickrPhotosTests.swift */; };
		84FE7C37294B9161002F57B4 /* FlickrPhotosUITests.swift in Sources */ = {isa = PBXBuildFile; fileRef = 84FE7C36294B9161002F57B4 /* FlickrPhotosUITests.swift */; };
		84FE7C39294B9161002F57B4 /* FlickrPhotosUITestsLaunchTests.swift in Sources */ = {isa = PBXBuildFile; fileRef = 84FE7C38294B9161002F57B4 /* FlickrPhotosUITestsLaunchTests.swift */; };
		84FE7C5A294B92A9002F57B4 /* HTTPClient.swift in Sources */ = {isa = PBXBuildFile; fileRef = 84FE7C46294B92A9002F57B4 /* HTTPClient.swift */; };
		84FE7C5B294B92A9002F57B4 /* Model.swift in Sources */ = {isa = PBXBuildFile; fileRef = 84FE7C48294B92A9002F57B4 /* Model.swift */; };
		84FE7C5C294B92A9002F57B4 /* ModalPresenter.swift in Sources */ = {isa = PBXBuildFile; fileRef = 84FE7C4A294B92A9002F57B4 /* ModalPresenter.swift */; };
		84FE7C5D294B92A9002F57B4 /* AlertPresenter.swift in Sources */ = {isa = PBXBuildFile; fileRef = 84FE7C4B294B92A9002F57B4 /* AlertPresenter.swift */; };
		84FE7C5E294B92A9002F57B4 /* FullPhotoViewController.swift in Sources */ = {isa = PBXBuildFile; fileRef = 84FE7C4D294B92A9002F57B4 /* FullPhotoViewController.swift */; };
		84FE7C5F294B92A9002F57B4 /* SearchViewController.swift in Sources */ = {isa = PBXBuildFile; fileRef = 84FE7C4E294B92A9002F57B4 /* SearchViewController.swift */; };
		84FE7C60294B92A9002F57B4 /* PhotoCell.swift in Sources */ = {isa = PBXBuildFile; fileRef = 84FE7C50294B92A9002F57B4 /* PhotoCell.swift */; };
		84FE7C61294B92A9002F57B4 /* PhotoCell.xib in Resources */ = {isa = PBXBuildFile; fileRef = 84FE7C51294B92A9002F57B4 /* PhotoCell.xib */; };
		84FE7C62294B92A9002F57B4 /* Main.storyboard in Resources */ = {isa = PBXBuildFile; fileRef = 84FE7C52294B92A9002F57B4 /* Main.storyboard */; };
		84FE7C63294B92A9002F57B4 /* SearchViewModel.swift in Sources */ = {isa = PBXBuildFile; fileRef = 84FE7C54294B92A9002F57B4 /* SearchViewModel.swift */; };
		84FE7C64294B92A9002F57B4 /* SearchFilterViewController.swift in Sources */ = {isa = PBXBuildFile; fileRef = 84FE7C55294B92A9002F57B4 /* SearchFilterViewController.swift */; };
		84FE7C65294B92A9002F57B4 /* FlickrService.swift in Sources */ = {isa = PBXBuildFile; fileRef = 84FE7C57294B92A9002F57B4 /* FlickrService.swift */; };
		84FE7C66294B92A9002F57B4 /* UIImageView+URL.swift in Sources */ = {isa = PBXBuildFile; fileRef = 84FE7C59294B92A9002F57B4 /* UIImageView+URL.swift */; };
/* End PBXBuildFile section */

/* Begin PBXContainerItemProxy section */
		84FE7C29294B9161002F57B4 /* PBXContainerItemProxy */ = {
			isa = PBXContainerItemProxy;
			containerPortal = 84FE7C07294B9160002F57B4 /* Project object */;
			proxyType = 1;
			remoteGlobalIDString = 84FE7C0E294B9160002F57B4;
			remoteInfo = FlickrPhotos;
		};
		84FE7C33294B9161002F57B4 /* PBXContainerItemProxy */ = {
			isa = PBXContainerItemProxy;
			containerPortal = 84FE7C07294B9160002F57B4 /* Project object */;
			proxyType = 1;
			remoteGlobalIDString = 84FE7C0E294B9160002F57B4;
			remoteInfo = FlickrPhotos;
		};
/* End PBXContainerItemProxy section */

/* Begin PBXFileReference section */
		84FE7C0F294B9160002F57B4 /* FlickrPhotos.app */ = {isa = PBXFileReference; explicitFileType = wrapper.application; includeInIndex = 0; path = FlickrPhotos.app; sourceTree = BUILT_PRODUCTS_DIR; };
		84FE7C12294B9160002F57B4 /* AppDelegate.swift */ = {isa = PBXFileReference; lastKnownFileType = sourcecode.swift; path = AppDelegate.swift; sourceTree = "<group>"; };
		84FE7C14294B9160002F57B4 /* SceneDelegate.swift */ = {isa = PBXFileReference; lastKnownFileType = sourcecode.swift; path = SceneDelegate.swift; sourceTree = "<group>"; };
		84FE7C1C294B9160002F57B4 /* FlickrPhotos.xcdatamodel */ = {isa = PBXFileReference; lastKnownFileType = wrapper.xcdatamodel; path = FlickrPhotos.xcdatamodel; sourceTree = "<group>"; };
		84FE7C1E294B9161002F57B4 /* Assets.xcassets */ = {isa = PBXFileReference; lastKnownFileType = folder.assetcatalog; path = Assets.xcassets; sourceTree = "<group>"; };
		84FE7C21294B9161002F57B4 /* Base */ = {isa = PBXFileReference; lastKnownFileType = file.storyboard; name = Base; path = Base.lproj/LaunchScreen.storyboard; sourceTree = "<group>"; };
		84FE7C23294B9161002F57B4 /* Info.plist */ = {isa = PBXFileReference; lastKnownFileType = text.plist.xml; path = Info.plist; sourceTree = "<group>"; };
		84FE7C28294B9161002F57B4 /* FlickrPhotosTests.xctest */ = {isa = PBXFileReference; explicitFileType = wrapper.cfbundle; includeInIndex = 0; path = FlickrPhotosTests.xctest; sourceTree = BUILT_PRODUCTS_DIR; };
		84FE7C2C294B9161002F57B4 /* FlickrPhotosTests.swift */ = {isa = PBXFileReference; lastKnownFileType = sourcecode.swift; path = FlickrPhotosTests.swift; sourceTree = "<group>"; };
		84FE7C32294B9161002F57B4 /* FlickrPhotosUITests.xctest */ = {isa = PBXFileReference; explicitFileType = wrapper.cfbundle; includeInIndex = 0; path = FlickrPhotosUITests.xctest; sourceTree = BUILT_PRODUCTS_DIR; };
		84FE7C36294B9161002F57B4 /* FlickrPhotosUITests.swift */ = {isa = PBXFileReference; lastKnownFileType = sourcecode.swift; path = FlickrPhotosUITests.swift; sourceTree = "<group>"; };
		84FE7C38294B9161002F57B4 /* FlickrPhotosUITestsLaunchTests.swift */ = {isa = PBXFileReference; lastKnownFileType = sourcecode.swift; path = FlickrPhotosUITestsLaunchTests.swift; sourceTree = "<group>"; };
		84FE7C46294B92A9002F57B4 /* HTTPClient.swift */ = {isa = PBXFileReference; fileEncoding = 4; lastKnownFileType = sourcecode.swift; path = HTTPClient.swift; sourceTree = "<group>"; };
		84FE7C48294B92A9002F57B4 /* Model.swift */ = {isa = PBXFileReference; fileEncoding = 4; lastKnownFileType = sourcecode.swift; path = Model.swift; sourceTree = "<group>"; };
		84FE7C4A294B92A9002F57B4 /* ModalPresenter.swift */ = {isa = PBXFileReference; fileEncoding = 4; lastKnownFileType = sourcecode.swift; path = ModalPresenter.swift; sourceTree = "<group>"; };
		84FE7C4B294B92A9002F57B4 /* AlertPresenter.swift */ = {isa = PBXFileReference; fileEncoding = 4; lastKnownFileType = sourcecode.swift; path = AlertPresenter.swift; sourceTree = "<group>"; };
		84FE7C4D294B92A9002F57B4 /* FullPhotoViewController.swift */ = {isa = PBXFileReference; fileEncoding = 4; lastKnownFileType = sourcecode.swift; path = FullPhotoViewController.swift; sourceTree = "<group>"; };
		84FE7C4E294B92A9002F57B4 /* SearchViewController.swift */ = {isa = PBXFileReference; fileEncoding = 4; lastKnownFileType = sourcecode.swift; path = SearchViewController.swift; sourceTree = "<group>"; };
		84FE7C50294B92A9002F57B4 /* PhotoCell.swift */ = {isa = PBXFileReference; fileEncoding = 4; lastKnownFileType = sourcecode.swift; path = PhotoCell.swift; sourceTree = "<group>"; };
		84FE7C51294B92A9002F57B4 /* PhotoCell.xib */ = {isa = PBXFileReference; fileEncoding = 4; lastKnownFileType = file.xib; path = PhotoCell.xib; sourceTree = "<group>"; };
		84FE7C53294B92A9002F57B4 /* Base */ = {isa = PBXFileReference; lastKnownFileType = file.storyboard; name = Base; path = Base.lproj/Main.storyboard; sourceTree = "<group>"; };
		84FE7C54294B92A9002F57B4 /* SearchViewModel.swift */ = {isa = PBXFileReference; fileEncoding = 4; lastKnownFileType = sourcecode.swift; path = SearchViewModel.swift; sourceTree = "<group>"; };
		84FE7C55294B92A9002F57B4 /* SearchFilterViewController.swift */ = {isa = PBXFileReference; fileEncoding = 4; lastKnownFileType = sourcecode.swift; path = SearchFilterViewController.swift; sourceTree = "<group>"; };
		84FE7C57294B92A9002F57B4 /* FlickrService.swift */ = {isa = PBXFileReference; fileEncoding = 4; lastKnownFileType = sourcecode.swift; path = FlickrService.swift; sourceTree = "<group>"; };
		84FE7C59294B92A9002F57B4 /* UIImageView+URL.swift */ = {isa = PBXFileReference; fileEncoding = 4; lastKnownFileType = sourcecode.swift; path = "UIImageView+URL.swift"; sourceTree = "<group>"; };
/* End PBXFileReference section */

/* Begin PBXFrameworksBuildPhase section */
		84FE7C0C294B9160002F57B4 /* Frameworks */ = {
			isa = PBXFrameworksBuildPhase;
			buildActionMask = 2147483647;
			files = (
			);
			runOnlyForDeploymentPostprocessing = 0;
		};
		84FE7C25294B9161002F57B4 /* Frameworks */ = {
			isa = PBXFrameworksBuildPhase;
			buildActionMask = 2147483647;
			files = (
			);
			runOnlyForDeploymentPostprocessing = 0;
		};
		84FE7C2F294B9161002F57B4 /* Frameworks */ = {
			isa = PBXFrameworksBuildPhase;
			buildActionMask = 2147483647;
			files = (
			);
			runOnlyForDeploymentPostprocessing = 0;
		};
/* End PBXFrameworksBuildPhase section */

/* Begin PBXGroup section */
		84FE7C06294B9160002F57B4 = {
			isa = PBXGroup;
			children = (
				84FE7C11294B9160002F57B4 /* FlickrPhotos */,
				84FE7C2B294B9161002F57B4 /* FlickrPhotosTests */,
				84FE7C35294B9161002F57B4 /* FlickrPhotosUITests */,
				84FE7C10294B9160002F57B4 /* Products */,
			);
			sourceTree = "<group>";
		};
		84FE7C10294B9160002F57B4 /* Products */ = {
			isa = PBXGroup;
			children = (
				84FE7C0F294B9160002F57B4 /* FlickrPhotos.app */,
				84FE7C28294B9161002F57B4 /* FlickrPhotosTests.xctest */,
				84FE7C32294B9161002F57B4 /* FlickrPhotosUITests.xctest */,
			);
			name = Products;
			sourceTree = "<group>";
		};
		84FE7C11294B9160002F57B4 /* FlickrPhotos */ = {
			isa = PBXGroup;
			children = (
				84FE7C67294B9E4B002F57B4 /* Shared */,
				84FE7C47294B92A9002F57B4 /* Model */,
				84FE7C68294B9E69002F57B4 /* Views */,
				84FE7C56294B92A9002F57B4 /* Service */,
				84FE7C12294B9160002F57B4 /* AppDelegate.swift */,
				84FE7C14294B9160002F57B4 /* SceneDelegate.swift */,
				84FE7C1E294B9161002F57B4 /* Assets.xcassets */,
				84FE7C20294B9161002F57B4 /* LaunchScreen.storyboard */,
				84FE7C23294B9161002F57B4 /* Info.plist */,
				84FE7C1B294B9160002F57B4 /* FlickrPhotos.xcdatamodeld */,
			);
			path = FlickrPhotos;
			sourceTree = "<group>";
		};
		84FE7C2B294B9161002F57B4 /* FlickrPhotosTests */ = {
			isa = PBXGroup;
			children = (
				84FE7C2C294B9161002F57B4 /* FlickrPhotosTests.swift */,
			);
			path = FlickrPhotosTests;
			sourceTree = "<group>";
		};
		84FE7C35294B9161002F57B4 /* FlickrPhotosUITests */ = {
			isa = PBXGroup;
			children = (
				84FE7C36294B9161002F57B4 /* FlickrPhotosUITests.swift */,
				84FE7C38294B9161002F57B4 /* FlickrPhotosUITestsLaunchTests.swift */,
			);
			path = FlickrPhotosUITests;
			sourceTree = "<group>";
		};
		84FE7C45294B92A9002F57B4 /* Networking */ = {
			isa = PBXGroup;
			children = (
				84FE7C46294B92A9002F57B4 /* HTTPClient.swift */,
			);
			path = Networking;
			sourceTree = "<group>";
		};
		84FE7C47294B92A9002F57B4 /* Model */ = {
			isa = PBXGroup;
			children = (
				84FE7C48294B92A9002F57B4 /* Model.swift */,
			);
			path = Model;
			sourceTree = "<group>";
		};
		84FE7C49294B92A9002F57B4 /* Presenter */ = {
			isa = PBXGroup;
			children = (
				84FE7C4A294B92A9002F57B4 /* ModalPresenter.swift */,
				84FE7C4B294B92A9002F57B4 /* AlertPresenter.swift */,
			);
			path = Presenter;
			sourceTree = "<group>";
		};
		84FE7C4C294B92A9002F57B4 /* Search */ = {
			isa = PBXGroup;
			children = (
				84FE7C4E294B92A9002F57B4 /* SearchViewController.swift */,
				84FE7C4F294B92A9002F57B4 /* PhotoCell */,
				84FE7C54294B92A9002F57B4 /* SearchViewModel.swift */,
				84FE7C55294B92A9002F57B4 /* SearchFilterViewController.swift */,
			);
			path = Search;
			sourceTree = "<group>";
		};
		84FE7C4F294B92A9002F57B4 /* PhotoCell */ = {
			isa = PBXGroup;
			children = (
				84FE7C50294B92A9002F57B4 /* PhotoCell.swift */,
				84FE7C51294B92A9002F57B4 /* PhotoCell.xib */,
			);
			path = PhotoCell;
			sourceTree = "<group>";
		};
		84FE7C56294B92A9002F57B4 /* Service */ = {
			isa = PBXGroup;
			children = (
				84FE7C57294B92A9002F57B4 /* FlickrService.swift */,
			);
			path = Service;
			sourceTree = "<group>";
		};
		84FE7C58294B92A9002F57B4 /* Extension */ = {
			isa = PBXGroup;
			children = (
				84FE7C59294B92A9002F57B4 /* UIImageView+URL.swift */,
			);
			path = Extension;
			sourceTree = "<group>";
		};
		84FE7C67294B9E4B002F57B4 /* Shared */ = {
			isa = PBXGroup;
			children = (
				84FE7C49294B92A9002F57B4 /* Presenter */,
				84FE7C45294B92A9002F57B4 /* Networking */,
				84FE7C58294B92A9002F57B4 /* Extension */,
			);
			path = Shared;
			sourceTree = "<group>";
		};
		84FE7C68294B9E69002F57B4 /* Views */ = {
			isa = PBXGroup;
			children = (
				84FE7C4C294B92A9002F57B4 /* Search */,
				84FE7C69294B9E8F002F57B4 /* Detail */,
				84FE7C52294B92A9002F57B4 /* Main.storyboard */,
			);
			path = Views;
			sourceTree = "<group>";
		};
		84FE7C69294B9E8F002F57B4 /* Detail */ = {
			isa = PBXGroup;
			children = (
				84FE7C4D294B92A9002F57B4 /* FullPhotoViewController.swift */,
			);
			path = Detail;
			sourceTree = "<group>";
		};
/* End PBXGroup section */

/* Begin PBXNativeTarget section */
		84FE7C0E294B9160002F57B4 /* FlickrPhotos */ = {
			isa = PBXNativeTarget;
			buildConfigurationList = 84FE7C3C294B9161002F57B4 /* Build configuration list for PBXNativeTarget "FlickrPhotos" */;
			buildPhases = (
				84FE7C0B294B9160002F57B4 /* Sources */,
				84FE7C0C294B9160002F57B4 /* Frameworks */,
				84FE7C0D294B9160002F57B4 /* Resources */,
			);
			buildRules = (
			);
			dependencies = (
			);
			name = FlickrPhotos;
			productName = FlickrPhotos;
			productReference = 84FE7C0F294B9160002F57B4 /* FlickrPhotos.app */;
			productType = "com.apple.product-type.application";
		};
		84FE7C27294B9161002F57B4 /* FlickrPhotosTests */ = {
			isa = PBXNativeTarget;
			buildConfigurationList = 84FE7C3F294B9161002F57B4 /* Build configuration list for PBXNativeTarget "FlickrPhotosTests" */;
			buildPhases = (
				84FE7C24294B9161002F57B4 /* Sources */,
				84FE7C25294B9161002F57B4 /* Frameworks */,
				84FE7C26294B9161002F57B4 /* Resources */,
			);
			buildRules = (
			);
			dependencies = (
				84FE7C2A294B9161002F57B4 /* PBXTargetDependency */,
			);
			name = FlickrPhotosTests;
			productName = FlickrPhotosTests;
			productReference = 84FE7C28294B9161002F57B4 /* FlickrPhotosTests.xctest */;
			productType = "com.apple.product-type.bundle.unit-test";
		};
		84FE7C31294B9161002F57B4 /* FlickrPhotosUITests */ = {
			isa = PBXNativeTarget;
			buildConfigurationList = 84FE7C42294B9161002F57B4 /* Build configuration list for PBXNativeTarget "FlickrPhotosUITests" */;
			buildPhases = (
				84FE7C2E294B9161002F57B4 /* Sources */,
				84FE7C2F294B9161002F57B4 /* Frameworks */,
				84FE7C30294B9161002F57B4 /* Resources */,
			);
			buildRules = (
			);
			dependencies = (
				84FE7C34294B9161002F57B4 /* PBXTargetDependency */,
			);
			name = FlickrPhotosUITests;
			productName = FlickrPhotosUITests;
			productReference = 84FE7C32294B9161002F57B4 /* FlickrPhotosUITests.xctest */;
			productType = "com.apple.product-type.bundle.ui-testing";
		};
/* End PBXNativeTarget section */

/* Begin PBXProject section */
		84FE7C07294B9160002F57B4 /* Project object */ = {
			isa = PBXProject;
			attributes = {
				BuildIndependentTargetsInParallel = 1;
				LastSwiftUpdateCheck = 1340;
				LastUpgradeCheck = 1340;
				TargetAttributes = {
					84FE7C0E294B9160002F57B4 = {
						CreatedOnToolsVersion = 13.4.1;
					};
					84FE7C27294B9161002F57B4 = {
						CreatedOnToolsVersion = 13.4.1;
						TestTargetID = 84FE7C0E294B9160002F57B4;
					};
					84FE7C31294B9161002F57B4 = {
						CreatedOnToolsVersion = 13.4.1;
						TestTargetID = 84FE7C0E294B9160002F57B4;
					};
				};
			};
			buildConfigurationList = 84FE7C0A294B9160002F57B4 /* Build configuration list for PBXProject "FlickrPhotos" */;
			compatibilityVersion = "Xcode 13.0";
			developmentRegion = en;
			hasScannedForEncodings = 0;
			knownRegions = (
				en,
				Base,
			);
			mainGroup = 84FE7C06294B9160002F57B4;
			productRefGroup = 84FE7C10294B9160002F57B4 /* Products */;
			projectDirPath = "";
			projectRoot = "";
			targets = (
				84FE7C0E294B9160002F57B4 /* FlickrPhotos */,
				84FE7C27294B9161002F57B4 /* FlickrPhotosTests */,
				84FE7C31294B9161002F57B4 /* FlickrPhotosUITests */,
			);
		};
/* End PBXProject section */

/* Begin PBXResourcesBuildPhase section */
		84FE7C0D294B9160002F57B4 /* Resources */ = {
			isa = PBXResourcesBuildPhase;
			buildActionMask = 2147483647;
			files = (
				84FE7C61294B92A9002F57B4 /* PhotoCell.xib in Resources */,
				84FE7C62294B92A9002F57B4 /* Main.storyboard in Resources */,
				84FE7C22294B9161002F57B4 /* LaunchScreen.storyboard in Resources */,
				84FE7C1F294B9161002F57B4 /* Assets.xcassets in Resources */,
			);
			runOnlyForDeploymentPostprocessing = 0;
		};
		84FE7C26294B9161002F57B4 /* Resources */ = {
			isa = PBXResourcesBuildPhase;
			buildActionMask = 2147483647;
			files = (
			);
			runOnlyForDeploymentPostprocessing = 0;
		};
		84FE7C30294B9161002F57B4 /* Resources */ = {
			isa = PBXResourcesBuildPhase;
			buildActionMask = 2147483647;
			files = (
			);
			runOnlyForDeploymentPostprocessing = 0;
		};
/* End PBXResourcesBuildPhase section */

/* Begin PBXSourcesBuildPhase section */
		84FE7C0B294B9160002F57B4 /* Sources */ = {
			isa = PBXSourcesBuildPhase;
			buildActionMask = 2147483647;
			files = (
				84FE7C5F294B92A9002F57B4 /* SearchViewController.swift in Sources */,
				84FE7C5E294B92A9002F57B4 /* FullPhotoViewController.swift in Sources */,
				84FE7C5A294B92A9002F57B4 /* HTTPClient.swift in Sources */,
				84FE7C5C294B92A9002F57B4 /* ModalPresenter.swift in Sources */,
				84FE7C66294B92A9002F57B4 /* UIImageView+URL.swift in Sources */,
				84FE7C1D294B9160002F57B4 /* FlickrPhotos.xcdatamodeld in Sources */,
				84FE7C63294B92A9002F57B4 /* SearchViewModel.swift in Sources */,
				84FE7C5B294B92A9002F57B4 /* Model.swift in Sources */,
				84FE7C65294B92A9002F57B4 /* FlickrService.swift in Sources */,
				84FE7C13294B9160002F57B4 /* AppDelegate.swift in Sources */,
				84FE7C15294B9160002F57B4 /* SceneDelegate.swift in Sources */,
				84FE7C60294B92A9002F57B4 /* PhotoCell.swift in Sources */,
				84FE7C5D294B92A9002F57B4 /* AlertPresenter.swift in Sources */,
				84FE7C64294B92A9002F57B4 /* SearchFilterViewController.swift in Sources */,
			);
			runOnlyForDeploymentPostprocessing = 0;
		};
		84FE7C24294B9161002F57B4 /* Sources */ = {
			isa = PBXSourcesBuildPhase;
			buildActionMask = 2147483647;
			files = (
				84FE7C2D294B9161002F57B4 /* FlickrPhotosTests.swift in Sources */,
			);
			runOnlyForDeploymentPostprocessing = 0;
		};
		84FE7C2E294B9161002F57B4 /* Sources */ = {
			isa = PBXSourcesBuildPhase;
			buildActionMask = 2147483647;
			files = (
				84FE7C39294B9161002F57B4 /* FlickrPhotosUITestsLaunchTests.swift in Sources */,
				84FE7C37294B9161002F57B4 /* FlickrPhotosUITests.swift in Sources */,
			);
			runOnlyForDeploymentPostprocessing = 0;
		};
/* End PBXSourcesBuildPhase section */

/* Begin PBXTargetDependency section */
		84FE7C2A294B9161002F57B4 /* PBXTargetDependency */ = {
			isa = PBXTargetDependency;
			target = 84FE7C0E294B9160002F57B4 /* FlickrPhotos */;
			targetProxy = 84FE7C29294B9161002F57B4 /* PBXContainerItemProxy */;
		};
		84FE7C34294B9161002F57B4 /* PBXTargetDependency */ = {
			isa = PBXTargetDependency;
			target = 84FE7C0E294B9160002F57B4 /* FlickrPhotos */;
			targetProxy = 84FE7C33294B9161002F57B4 /* PBXContainerItemProxy */;
		};
/* End PBXTargetDependency section */

/* Begin PBXVariantGroup section */
		84FE7C20294B9161002F57B4 /* LaunchScreen.storyboard */ = {
			isa = PBXVariantGroup;
			children = (
				84FE7C21294B9161002F57B4 /* Base */,
			);
			name = LaunchScreen.storyboard;
			sourceTree = "<group>";
		};
		84FE7C52294B92A9002F57B4 /* Main.storyboard */ = {
			isa = PBXVariantGroup;
			children = (
				84FE7C53294B92A9002F57B4 /* Base */,
			);
			name = Main.storyboard;
			sourceTree = "<group>";
		};
/* End PBXVariantGroup section */

/* Begin XCBuildConfiguration section */
		84FE7C3A294B9161002F57B4 /* Debug */ = {
			isa = XCBuildConfiguration;
			buildSettings = {
				ALWAYS_SEARCH_USER_PATHS = NO;
				CLANG_ANALYZER_NONNULL = YES;
				CLANG_ANALYZER_NUMBER_OBJECT_CONVERSION = YES_AGGRESSIVE;
				CLANG_CXX_LANGUAGE_STANDARD = "gnu++17";
				CLANG_ENABLE_MODULES = YES;
				CLANG_ENABLE_OBJC_ARC = YES;
				CLANG_ENABLE_OBJC_WEAK = YES;
				CLANG_WARN_BLOCK_CAPTURE_AUTORELEASING = YES;
				CLANG_WARN_BOOL_CONVERSION = YES;
				CLANG_WARN_COMMA = YES;
				CLANG_WARN_CONSTANT_CONVERSION = YES;
				CLANG_WARN_DEPRECATED_OBJC_IMPLEMENTATIONS = YES;
				CLANG_WARN_DIRECT_OBJC_ISA_USAGE = YES_ERROR;
				CLANG_WARN_DOCUMENTATION_COMMENTS = YES;
				CLANG_WARN_EMPTY_BODY = YES;
				CLANG_WARN_ENUM_CONVERSION = YES;
				CLANG_WARN_INFINITE_RECURSION = YES;
				CLANG_WARN_INT_CONVERSION = YES;
				CLANG_WARN_NON_LITERAL_NULL_CONVERSION = YES;
				CLANG_WARN_OBJC_IMPLICIT_RETAIN_SELF = YES;
				CLANG_WARN_OBJC_LITERAL_CONVERSION = YES;
				CLANG_WARN_OBJC_ROOT_CLASS = YES_ERROR;
				CLANG_WARN_QUOTED_INCLUDE_IN_FRAMEWORK_HEADER = YES;
				CLANG_WARN_RANGE_LOOP_ANALYSIS = YES;
				CLANG_WARN_STRICT_PROTOTYPES = YES;
				CLANG_WARN_SUSPICIOUS_MOVE = YES;
				CLANG_WARN_UNGUARDED_AVAILABILITY = YES_AGGRESSIVE;
				CLANG_WARN_UNREACHABLE_CODE = YES;
				CLANG_WARN__DUPLICATE_METHOD_MATCH = YES;
				COPY_PHASE_STRIP = NO;
				DEBUG_INFORMATION_FORMAT = dwarf;
				ENABLE_STRICT_OBJC_MSGSEND = YES;
				ENABLE_TESTABILITY = YES;
				GCC_C_LANGUAGE_STANDARD = gnu11;
				GCC_DYNAMIC_NO_PIC = NO;
				GCC_NO_COMMON_BLOCKS = YES;
				GCC_OPTIMIZATION_LEVEL = 0;
				GCC_PREPROCESSOR_DEFINITIONS = (
					"DEBUG=1",
					"$(inherited)",
				);
				GCC_WARN_64_TO_32_BIT_CONVERSION = YES;
				GCC_WARN_ABOUT_RETURN_TYPE = YES_ERROR;
				GCC_WARN_UNDECLARED_SELECTOR = YES;
				GCC_WARN_UNINITIALIZED_AUTOS = YES_AGGRESSIVE;
				GCC_WARN_UNUSED_FUNCTION = YES;
				GCC_WARN_UNUSED_VARIABLE = YES;
				IPHONEOS_DEPLOYMENT_TARGET = 15.5;
				MTL_ENABLE_DEBUG_INFO = INCLUDE_SOURCE;
				MTL_FAST_MATH = YES;
				ONLY_ACTIVE_ARCH = YES;
				SDKROOT = iphoneos;
				SWIFT_ACTIVE_COMPILATION_CONDITIONS = DEBUG;
				SWIFT_OPTIMIZATION_LEVEL = "-Onone";
			};
			name = Debug;
		};
		84FE7C3B294B9161002F57B4 /* Release */ = {
			isa = XCBuildConfiguration;
			buildSettings = {
				ALWAYS_SEARCH_USER_PATHS = NO;
				CLANG_ANALYZER_NONNULL = YES;
				CLANG_ANALYZER_NUMBER_OBJECT_CONVERSION = YES_AGGRESSIVE;
				CLANG_CXX_LANGUAGE_STANDARD = "gnu++17";
				CLANG_ENABLE_MODULES = YES;
				CLANG_ENABLE_OBJC_ARC = YES;
				CLANG_ENABLE_OBJC_WEAK = YES;
				CLANG_WARN_BLOCK_CAPTURE_AUTORELEASING = YES;
				CLANG_WARN_BOOL_CONVERSION = YES;
				CLANG_WARN_COMMA = YES;
				CLANG_WARN_CONSTANT_CONVERSION = YES;
				CLANG_WARN_DEPRECATED_OBJC_IMPLEMENTATIONS = YES;
				CLANG_WARN_DIRECT_OBJC_ISA_USAGE = YES_ERROR;
				CLANG_WARN_DOCUMENTATION_COMMENTS = YES;
				CLANG_WARN_EMPTY_BODY = YES;
				CLANG_WARN_ENUM_CONVERSION = YES;
				CLANG_WARN_INFINITE_RECURSION = YES;
				CLANG_WARN_INT_CONVERSION = YES;
				CLANG_WARN_NON_LITERAL_NULL_CONVERSION = YES;
				CLANG_WARN_OBJC_IMPLICIT_RETAIN_SELF = YES;
				CLANG_WARN_OBJC_LITERAL_CONVERSION = YES;
				CLANG_WARN_OBJC_ROOT_CLASS = YES_ERROR;
				CLANG_WARN_QUOTED_INCLUDE_IN_FRAMEWORK_HEADER = YES;
				CLANG_WARN_RANGE_LOOP_ANALYSIS = YES;
				CLANG_WARN_STRICT_PROTOTYPES = YES;
				CLANG_WARN_SUSPICIOUS_MOVE = YES;
				CLANG_WARN_UNGUARDED_AVAILABILITY = YES_AGGRESSIVE;
				CLANG_WARN_UNREACHABLE_CODE = YES;
				CLANG_WARN__DUPLICATE_METHOD_MATCH = YES;
				COPY_PHASE_STRIP = NO;
				DEBUG_INFORMATION_FORMAT = "dwarf-with-dsym";
				ENABLE_NS_ASSERTIONS = NO;
				ENABLE_STRICT_OBJC_MSGSEND = YES;
				GCC_C_LANGUAGE_STANDARD = gnu11;
				GCC_NO_COMMON_BLOCKS = YES;
				GCC_WARN_64_TO_32_BIT_CONVERSION = YES;
				GCC_WARN_ABOUT_RETURN_TYPE = YES_ERROR;
				GCC_WARN_UNDECLARED_SELECTOR = YES;
				GCC_WARN_UNINITIALIZED_AUTOS = YES_AGGRESSIVE;
				GCC_WARN_UNUSED_FUNCTION = YES;
				GCC_WARN_UNUSED_VARIABLE = YES;
				IPHONEOS_DEPLOYMENT_TARGET = 15.5;
				MTL_ENABLE_DEBUG_INFO = NO;
				MTL_FAST_MATH = YES;
				SDKROOT = iphoneos;
				SWIFT_COMPILATION_MODE = wholemodule;
				SWIFT_OPTIMIZATION_LEVEL = "-O";
				VALIDATE_PRODUCT = YES;
			};
			name = Release;
		};
		84FE7C3D294B9161002F57B4 /* Debug */ = {
			isa = XCBuildConfiguration;
			buildSettings = {
				ASSETCATALOG_COMPILER_APPICON_NAME = AppIcon;
				ASSETCATALOG_COMPILER_GLOBAL_ACCENT_COLOR_NAME = AccentColor;
				CODE_SIGN_STYLE = Automatic;
				CURRENT_PROJECT_VERSION = 1;
				GENERATE_INFOPLIST_FILE = YES;
				INFOPLIST_FILE = FlickrPhotos/Info.plist;
				INFOPLIST_KEY_UIApplicationSupportsIndirectInputEvents = YES;
				INFOPLIST_KEY_UILaunchStoryboardName = LaunchScreen;
				INFOPLIST_KEY_UIMainStoryboardFile = Main;
				INFOPLIST_KEY_UISupportedInterfaceOrientations_iPad = "UIInterfaceOrientationPortrait UIInterfaceOrientationPortraitUpsideDown UIInterfaceOrientationLandscapeLeft UIInterfaceOrientationLandscapeRight";
				INFOPLIST_KEY_UISupportedInterfaceOrientations_iPhone = "UIInterfaceOrientationPortrait UIInterfaceOrientationLandscapeLeft UIInterfaceOrientationLandscapeRight";
				LD_RUNPATH_SEARCH_PATHS = (
					"$(inherited)",
					"@executable_path/Frameworks",
				);
				MARKETING_VERSION = 1.0;
				PRODUCT_BUNDLE_IDENTIFIER = com.ajones.FlickrPhotos;
				PRODUCT_NAME = "$(TARGET_NAME)";
				SWIFT_EMIT_LOC_STRINGS = YES;
				SWIFT_VERSION = 5.0;
				TARGETED_DEVICE_FAMILY = "1,2";
			};
			name = Debug;
		};
		84FE7C3E294B9161002F57B4 /* Release */ = {
			isa = XCBuildConfiguration;
			buildSettings = {
				ASSETCATALOG_COMPILER_APPICON_NAME = AppIcon;
				ASSETCATALOG_COMPILER_GLOBAL_ACCENT_COLOR_NAME = AccentColor;
				CODE_SIGN_STYLE = Automatic;
				CURRENT_PROJECT_VERSION = 1;
				GENERATE_INFOPLIST_FILE = YES;
				INFOPLIST_FILE = FlickrPhotos/Info.plist;
				INFOPLIST_KEY_UIApplicationSupportsIndirectInputEvents = YES;
				INFOPLIST_KEY_UILaunchStoryboardName = LaunchScreen;
				INFOPLIST_KEY_UIMainStoryboardFile = Main;
				INFOPLIST_KEY_UISupportedInterfaceOrientations_iPad = "UIInterfaceOrientationPortrait UIInterfaceOrientationPortraitUpsideDown UIInterfaceOrientationLandscapeLeft UIInterfaceOrientationLandscapeRight";
				INFOPLIST_KEY_UISupportedInterfaceOrientations_iPhone = "UIInterfaceOrientationPortrait UIInterfaceOrientationLandscapeLeft UIInterfaceOrientationLandscapeRight";
				LD_RUNPATH_SEARCH_PATHS = (
					"$(inherited)",
					"@executable_path/Frameworks",
				);
				MARKETING_VERSION = 1.0;
				PRODUCT_BUNDLE_IDENTIFIER = com.ajones.FlickrPhotos;
				PRODUCT_NAME = "$(TARGET_NAME)";
				SWIFT_EMIT_LOC_STRINGS = YES;
				SWIFT_VERSION = 5.0;
				TARGETED_DEVICE_FAMILY = "1,2";
			};
			name = Release;
		};
		84FE7C40294B9161002F57B4 /* Debug */ = {
			isa = XCBuildConfiguration;
			buildSettings = {
				ALWAYS_EMBED_SWIFT_STANDARD_LIBRARIES = YES;
				BUNDLE_LOADER = "$(TEST_HOST)";
				CODE_SIGN_STYLE = Automatic;
				CURRENT_PROJECT_VERSION = 1;
				GENERATE_INFOPLIST_FILE = YES;
				IPHONEOS_DEPLOYMENT_TARGET = 15.5;
				MARKETING_VERSION = 1.0;
				PRODUCT_BUNDLE_IDENTIFIER = com.ajones.FlickrPhotosTests;
				PRODUCT_NAME = "$(TARGET_NAME)";
				SWIFT_EMIT_LOC_STRINGS = NO;
				SWIFT_VERSION = 5.0;
				TARGETED_DEVICE_FAMILY = "1,2";
				TEST_HOST = "$(BUILT_PRODUCTS_DIR)/FlickrPhotos.app/FlickrPhotos";
			};
			name = Debug;
		};
		84FE7C41294B9161002F57B4 /* Release */ = {
			isa = XCBuildConfiguration;
			buildSettings = {
				ALWAYS_EMBED_SWIFT_STANDARD_LIBRARIES = YES;
				BUNDLE_LOADER = "$(TEST_HOST)";
				CODE_SIGN_STYLE = Automatic;
				CURRENT_PROJECT_VERSION = 1;
				GENERATE_INFOPLIST_FILE = YES;
				IPHONEOS_DEPLOYMENT_TARGET = 15.5;
				MARKETING_VERSION = 1.0;
				PRODUCT_BUNDLE_IDENTIFIER = com.ajones.FlickrPhotosTests;
				PRODUCT_NAME = "$(TARGET_NAME)";
				SWIFT_EMIT_LOC_STRINGS = NO;
				SWIFT_VERSION = 5.0;
				TARGETED_DEVICE_FAMILY = "1,2";
				TEST_HOST = "$(BUILT_PRODUCTS_DIR)/FlickrPhotos.app/FlickrPhotos";
			};
			name = Release;
		};
		84FE7C43294B9161002F57B4 /* Debug */ = {
			isa = XCBuildConfiguration;
			buildSettings = {
				ALWAYS_EMBED_SWIFT_STANDARD_LIBRARIES = YES;
				CODE_SIGN_STYLE = Automatic;
				CURRENT_PROJECT_VERSION = 1;
				GENERATE_INFOPLIST_FILE = YES;
				MARKETING_VERSION = 1.0;
				PRODUCT_BUNDLE_IDENTIFIER = com.ajones.FlickrPhotosUITests;
				PRODUCT_NAME = "$(TARGET_NAME)";
				SWIFT_EMIT_LOC_STRINGS = NO;
				SWIFT_VERSION = 5.0;
				TARGETED_DEVICE_FAMILY = "1,2";
				TEST_TARGET_NAME = FlickrPhotos;
			};
			name = Debug;
		};
		84FE7C44294B9161002F57B4 /* Release */ = {
			isa = XCBuildConfiguration;
			buildSettings = {
				ALWAYS_EMBED_SWIFT_STANDARD_LIBRARIES = YES;
				CODE_SIGN_STYLE = Automatic;
				CURRENT_PROJECT_VERSION = 1;
				GENERATE_INFOPLIST_FILE = YES;
				MARKETING_VERSION = 1.0;
				PRODUCT_BUNDLE_IDENTIFIER = com.ajones.FlickrPhotosUITests;
				PRODUCT_NAME = "$(TARGET_NAME)";
				SWIFT_EMIT_LOC_STRINGS = NO;
				SWIFT_VERSION = 5.0;
				TARGETED_DEVICE_FAMILY = "1,2";
				TEST_TARGET_NAME = FlickrPhotos;
			};
			name = Release;
		};
/* End XCBuildConfiguration section */

/* Begin XCConfigurationList section */
		84FE7C0A294B9160002F57B4 /* Build configuration list for PBXProject "FlickrPhotos" */ = {
			isa = XCConfigurationList;
			buildConfigurations = (
				84FE7C3A294B9161002F57B4 /* Debug */,
				84FE7C3B294B9161002F57B4 /* Release */,
			);
			defaultConfigurationIsVisible = 0;
			defaultConfigurationName = Release;
		};
		84FE7C3C294B9161002F57B4 /* Build configuration list for PBXNativeTarget "FlickrPhotos" */ = {
			isa = XCConfigurationList;
			buildConfigurations = (
				84FE7C3D294B9161002F57B4 /* Debug */,
				84FE7C3E294B9161002F57B4 /* Release */,
			);
			defaultConfigurationIsVisible = 0;
			defaultConfigurationName = Release;
		};
		84FE7C3F294B9161002F57B4 /* Build configuration list for PBXNativeTarget "FlickrPhotosTests" */ = {
			isa = XCConfigurationList;
			buildConfigurations = (
				84FE7C40294B9161002F57B4 /* Debug */,
				84FE7C41294B9161002F57B4 /* Release */,
			);
			defaultConfigurationIsVisible = 0;
			defaultConfigurationName = Release;
		};
		84FE7C42294B9161002F57B4 /* Build configuration list for PBXNativeTarget "FlickrPhotosUITests" */ = {
			isa = XCConfigurationList;
			buildConfigurations = (
				84FE7C43294B9161002F57B4 /* Debug */,
				84FE7C44294B9161002F57B4 /* Release */,
			);
			defaultConfigurationIsVisible = 0;
			defaultConfigurationName = Release;
		};
/* End XCConfigurationList section */

/* Begin XCVersionGroup section */
		84FE7C1B294B9160002F57B4 /* FlickrPhotos.xcdatamodeld */ = {
			isa = XCVersionGroup;
			children = (
				84FE7C1C294B9160002F57B4 /* FlickrPhotos.xcdatamodel */,
			);
			currentVersion = 84FE7C1C294B9160002F57B4 /* FlickrPhotos.xcdatamodel */;
			path = FlickrPhotos.xcdatamodeld;
			sourceTree = "<group>";
			versionGroupType = wrapper.xcdatamodel;
		};
/* End XCVersionGroup section */
	};
	rootObject = 84FE7C07294B9160002F57B4 /* Project object */;
}
